
Microsoft Visual Studio Solution File, Format Version 12.00
# Visual Studio Version 17
VisualStudioVersion = 17.3.32825.248
MinimumVisualStudioVersion = 10.0.40219.1
Project("{FAE04EC0-301F-11D3-BF4B-00C04F79EFBC}") = "WF_hw4", "WF_hw4\WF_hw4.csproj", "{64209DDB-FF92-472E-90CC-92DFEDEEF766}"
EndProject
Global
	GlobalSection(SolutionConfigurationPlatforms) = preSolution
		Debug|Any CPU = Debug|Any CPU
		Release|Any CPU = Release|Any CPU
	EndGlobalSection
	GlobalSection(ProjectConfigurationPlatforms) = postSolution
		{64209DDB-FF92-472E-90CC-92DFEDEEF766}.Debug|Any CPU.ActiveCfg = Debug|Any CPU
		{64209DDB-FF92-472E-90CC-92DFEDEEF766}.Debug|Any CPU.Build.0 = Debug|Any CPU
		{64209DDB-FF92-472E-90CC-92DFEDEEF766}.Release|Any CPU.ActiveCfg = Release|Any CPU
		{64209DDB-FF92-472E-90CC-92DFEDEEF766}.Release|Any CPU.Build.0 = Release|Any CPU
	EndGlobalSection
	GlobalSection(SolutionProperties) = preSolution
		HideSolutionNode = FALSE
	EndGlobalSection
	GlobalSection(ExtensibilityGlobals) = postSolution
		SolutionGuid = {A920937D-BCEF-43D1-A139-7D23238308F3}
	EndGlobalSection
EndGlobal
